schema: '2.0'
stages:
  download:
    cmd: Rscript stages/01_download.R
    deps:
    - path: http://ctdbase.org/downloads/
      hash: md5
      checksum: '178184868144826747636982669078584985443'
    - path: stages/01_download.R
      hash: md5
      md5: e86e4eab106786eab280665950e75676
      size: 496
    outs:
    - path: download/
      hash: md5
      md5: 2fb4d6581526afe1ec3d1050ff23535b.dir
      size: 3229796158
      nfiles: 21
  build:
    cmd: Rscript stages/02_build.R
    deps:
    - path: download/
      hash: md5
      md5: 2fb4d6581526afe1ec3d1050ff23535b.dir
      size: 3229796158
      nfiles: 21
    - path: stages/02_build.R
      hash: md5
      md5: 41faca63ff3913cf7ede8590a2556e4a
      size: 824
    outs:
    - path: brick/
      hash: md5
      md5: 3cef3c471970953279377c936cd69b1a.dir
      size: 3460702644
      nfiles: 19
  invalidate:
    cmd: sh stages/00_invalidate.sh
    deps:
    - path: stages/00_invalidate.sh
      hash: md5
      md5: f1d205ca68da053db61f3f9fc0923132
      size: 434
    outs:
    - path: checksum/
      hash: md5
      md5: fd6ed7f330774fe07c273658102bfe9e.dir
      size: 54609
      nfiles: 1
