schema: '2.0'
stages:
  download:
    cmd: Rscript src/1_download.R
    deps:
    - path: http://ctdbase.org/downloads/
      checksum: '178184868144826747636982669078584985443'
    - path: src/1_download.R
      md5: 55b17dfd4a0b65d59612df66f10003a2
      size: 486
    outs:
    - path: download/
      md5: 55a5fe225ba254153ed30cb069c6232c.dir
      size: 3031889604
      nfiles: 21
  build:
    cmd: Rscript src/2_build.R
    deps:
    - path: download/
      md5: 55a5fe225ba254153ed30cb069c6232c.dir
      size: 3031889604
      nfiles: 21
    - path: src/2_build.R
      md5: 272817573acf4f26ebec702d958472d6
      size: 818
    outs:
    - path: brick/
      md5: ceb19ed139b26f01a541c5952b73ef2f.dir
      size: 3228204390
      nfiles: 19
