schema: '2.0'
stages:
  download_data:
    cmd: Rscript R/download.R
    deps:
    - path: R/download.R
      md5: 2cdee6b0db91c9ab875596a14d175e48
      size: 424
    outs:
    - path: download/
      md5: f189516dc286f60096736d36608d7003.dir
      size: 2884226254
      nfiles: 21
  build_data:
    cmd: Rscript R/build.R
    deps:
    - path: R/build.R
      md5: ca7d68424002c6e2288c92345cb76b5f
      size: 958
    outs:
    - path: data/
      md5: 81e06499aa05cc4bc7be10f500365247.dir
      size: 3064040928
      nfiles: 21
